
Microsoft Visual Studio Solution File, Format Version 12.00
# Visual Studio Version 17
VisualStudioVersion = 17.9.34728.123
MinimumVisualStudioVersion = 10.0.40219.1
Project("{9A19103F-16F7-4668-BE54-9A1E7A4F7556}") = "JWTApp", "..\..\..\Desktop\JWTApp\JWTApp.csproj", "{37EF4E74-0041-44AC-AC62-0A418AEA283E}"
EndProject
Global
	GlobalSection(SolutionConfigurationPlatforms) = preSolution
		Debug|Any CPU = Debug|Any CPU
		Release|Any CPU = Release|Any CPU
	EndGlobalSection
	GlobalSection(ProjectConfigurationPlatforms) = postSolution
		{37EF4E74-0041-44AC-AC62-0A418AEA283E}.Debug|Any CPU.ActiveCfg = Debug|Any CPU
		{37EF4E74-0041-44AC-AC62-0A418AEA283E}.Debug|Any CPU.Build.0 = Debug|Any CPU
		{37EF4E74-0041-44AC-AC62-0A418AEA283E}.Release|Any CPU.ActiveCfg = Release|Any CPU
		{37EF4E74-0041-44AC-AC62-0A418AEA283E}.Release|Any CPU.Build.0 = Release|Any CPU
	EndGlobalSection
	GlobalSection(SolutionProperties) = preSolution
		HideSolutionNode = FALSE
	EndGlobalSection
	GlobalSection(ExtensibilityGlobals) = postSolution
		SolutionGuid = {550ACFE7-45B0-43BB-9A61-F2B235315C08}
	EndGlobalSection
EndGlobal
